{
  "nodes": {
    "akari-fzf": {
      "flake": false,
      "locked": {
        "lastModified": 1768054843,
        "narHash": "sha256-McXGljmosRPelguvxkjldKAgssFYbF+H58owqh6R4wc=",
        "owner": "cappyzawa",
        "repo": "akari-fzf",
        "rev": "157641876e2e73ab943e32aaa34ad9c0fa17a886",
        "type": "github"
      },
      "original": {
        "owner": "cappyzawa",
        "repo": "akari-fzf",
        "type": "github"
      }
    },
    "akari-zsh": {
      "flake": false,
      "locked": {
        "lastModified": 1768054845,
        "narHash": "sha256-kE4k+NPewGLl/ghNOxOsPxpj/Ywfim4oPJ6aPtD1CPI=",
        "owner": "cappyzawa",
        "repo": "akari-zsh",
        "rev": "03de73f8a4452b686751d1fa8b94388fcc3849ea",
        "type": "github"
      },
      "original": {
        "owner": "cappyzawa",
        "repo": "akari-zsh",
        "type": "github"
      }
    },
    "home-manager": {
      "inputs": {
        "nixpkgs": [
          "nixpkgs"
        ]
      },
      "locked": {
        "lastModified": 1768068402,
        "narHash": "sha256-bAXnnJZKJiF7Xr6eNW6+PhBf1lg2P1aFUO9+xgWkXfA=",
        "owner": "nix-community",
        "repo": "home-manager",
        "rev": "8bc5473b6bc2b6e1529a9c4040411e1199c43b4c",
        "type": "github"
      },
      "original": {
        "owner": "nix-community",
        "repo": "home-manager",
        "type": "github"
      }
    },
    "nix-darwin": {
      "inputs": {
        "nixpkgs": [
          "nixpkgs"
        ]
      },
      "locked": {
        "lastModified": 1767718503,
        "narHash": "sha256-V+VkFs0aSG0ca8p/N3gib7FAf4cq9jyr5Gm+ZBrHQpo=",
        "owner": "LnL7",
        "repo": "nix-darwin",
        "rev": "9f48ffaca1f44b3e590976b4da8666a9e86e6eb1",
        "type": "github"
      },
      "original": {
        "owner": "LnL7",
        "repo": "nix-darwin",
        "type": "github"
      }
    },
    "nixpkgs": {
      "locked": {
        "lastModified": 1768032153,
        "narHash": "sha256-6kD1MdY9fsE6FgSwdnx29hdH2UcBKs3/+JJleMShuJg=",
        "owner": "nixos",
        "repo": "nixpkgs",
        "rev": "3146c6aa9995e7351a398e17470e15305e6e18ff",
        "type": "github"
      },
      "original": {
        "owner": "nixos",
        "ref": "nixpkgs-unstable",
        "repo": "nixpkgs",
        "type": "github"
      }
    },
    "root": {
      "inputs": {
        "akari-fzf": "akari-fzf",
        "akari-zsh": "akari-zsh",
        "home-manager": "home-manager",
        "nix-darwin": "nix-darwin",
        "nixpkgs": "nixpkgs",
        "sbarlua": "sbarlua",
        "tpm": "tpm"
      }
    },
    "sbarlua": {
      "flake": false,
      "locked": {
        "lastModified": 1723484726,
        "narHash": "sha256-F0UfNxHM389GhiPQ6/GFbeKQq5EvpiqQdvyf7ygzkPg=",
        "owner": "FelixKratz",
        "repo": "SbarLua",
        "rev": "437bd2031da38ccda75827cb7548e7baa4aa9978",
        "type": "github"
      },
      "original": {
        "owner": "FelixKratz",
        "repo": "SbarLua",
        "type": "github"
      }
    },
    "tpm": {
      "flake": false,
      "locked": {
        "lastModified": 1677502767,
        "narHash": "sha256-hW8mfwB8F9ZkTQ72WQp/1fy8KL1IIYMZBtZYIwZdMQc=",
        "owner": "tmux-plugins",
        "repo": "tpm",
        "rev": "99469c4a9b1ccf77fade25842dc7bafbc8ce9946",
        "type": "github"
      },
      "original": {
        "owner": "tmux-plugins",
        "repo": "tpm",
        "type": "github"
      }
    }
  },
  "root": "root",
  "version": 7
}
